
Microsoft Visual Studio Solution File, Format Version 12.00
# Visual Studio Version 17
VisualStudioVersion = 17.5.33502.453
MinimumVisualStudioVersion = 10.0.40219.1
Project("{FAE04EC0-301F-11D3-BF4B-00C04F79EFBC}") = "Exercicio 10 POO", "Exercicio 10 POO\Exercicio 10 POO.csproj", "{50628378-48A7-442E-92F7-1862B9CF33F2}"
EndProject
Global
	GlobalSection(SolutionConfigurationPlatforms) = preSolution
		Debug|Any CPU = Debug|Any CPU
		Release|Any CPU = Release|Any CPU
	EndGlobalSection
	GlobalSection(ProjectConfigurationPlatforms) = postSolution
		{50628378-48A7-442E-92F7-1862B9CF33F2}.Debug|Any CPU.ActiveCfg = Debug|Any CPU
		{50628378-48A7-442E-92F7-1862B9CF33F2}.Debug|Any CPU.Build.0 = Debug|Any CPU
		{50628378-48A7-442E-92F7-1862B9CF33F2}.Release|Any CPU.ActiveCfg = Release|Any CPU
		{50628378-48A7-442E-92F7-1862B9CF33F2}.Release|Any CPU.Build.0 = Release|Any CPU
	EndGlobalSection
	GlobalSection(SolutionProperties) = preSolution
		HideSolutionNode = FALSE
	EndGlobalSection
	GlobalSection(ExtensibilityGlobals) = postSolution
		SolutionGuid = {5A281BF7-BB3B-48D7-AC6B-096DE750D14E}
	EndGlobalSection
EndGlobal
