
Microsoft Visual Studio Solution File, Format Version 12.00
# Visual Studio Version 17
VisualStudioVersion = 17.5.33502.453
MinimumVisualStudioVersion = 10.0.40219.1
Project("{FAE04EC0-301F-11D3-BF4B-00C04F79EFBC}") = "Exercicio 24 POO", "Exercicio 24 POO\Exercicio 24 POO.csproj", "{EC9A4720-B1E1-4C25-80E5-9AD8E74358BB}"
EndProject
Global
	GlobalSection(SolutionConfigurationPlatforms) = preSolution
		Debug|Any CPU = Debug|Any CPU
		Release|Any CPU = Release|Any CPU
	EndGlobalSection
	GlobalSection(ProjectConfigurationPlatforms) = postSolution
		{EC9A4720-B1E1-4C25-80E5-9AD8E74358BB}.Debug|Any CPU.ActiveCfg = Debug|Any CPU
		{EC9A4720-B1E1-4C25-80E5-9AD8E74358BB}.Debug|Any CPU.Build.0 = Debug|Any CPU
		{EC9A4720-B1E1-4C25-80E5-9AD8E74358BB}.Release|Any CPU.ActiveCfg = Release|Any CPU
		{EC9A4720-B1E1-4C25-80E5-9AD8E74358BB}.Release|Any CPU.Build.0 = Release|Any CPU
	EndGlobalSection
	GlobalSection(SolutionProperties) = preSolution
		HideSolutionNode = FALSE
	EndGlobalSection
	GlobalSection(ExtensibilityGlobals) = postSolution
		SolutionGuid = {FFB36196-CACE-4690-955F-EB6FDA7CBFFE}
	EndGlobalSection
EndGlobal
