
Microsoft Visual Studio Solution File, Format Version 12.00
# Visual Studio Version 17
VisualStudioVersion = 17.5.33502.453
MinimumVisualStudioVersion = 10.0.40219.1
Project("{FAE04EC0-301F-11D3-BF4B-00C04F79EFBC}") = "Exercicio 20 POO", "Exercicio 20 POO\Exercicio 20 POO.csproj", "{87329EA4-04D4-4F88-92AD-F268BB5DEB4C}"
EndProject
Global
	GlobalSection(SolutionConfigurationPlatforms) = preSolution
		Debug|Any CPU = Debug|Any CPU
		Release|Any CPU = Release|Any CPU
	EndGlobalSection
	GlobalSection(ProjectConfigurationPlatforms) = postSolution
		{87329EA4-04D4-4F88-92AD-F268BB5DEB4C}.Debug|Any CPU.ActiveCfg = Debug|Any CPU
		{87329EA4-04D4-4F88-92AD-F268BB5DEB4C}.Debug|Any CPU.Build.0 = Debug|Any CPU
		{87329EA4-04D4-4F88-92AD-F268BB5DEB4C}.Release|Any CPU.ActiveCfg = Release|Any CPU
		{87329EA4-04D4-4F88-92AD-F268BB5DEB4C}.Release|Any CPU.Build.0 = Release|Any CPU
	EndGlobalSection
	GlobalSection(SolutionProperties) = preSolution
		HideSolutionNode = FALSE
	EndGlobalSection
	GlobalSection(ExtensibilityGlobals) = postSolution
		SolutionGuid = {8AAC85EB-059C-4938-90B9-CDD0DB296B4E}
	EndGlobalSection
EndGlobal
