
Microsoft Visual Studio Solution File, Format Version 12.00
# Visual Studio Version 17
VisualStudioVersion = 17.5.33502.453
MinimumVisualStudioVersion = 10.0.40219.1
Project("{FAE04EC0-301F-11D3-BF4B-00C04F79EFBC}") = "Exercicio 12 POO", "Exercicio 12 POO\Exercicio 12 POO.csproj", "{B257581D-E80A-453A-9A27-CF30FD2BB00F}"
EndProject
Global
	GlobalSection(SolutionConfigurationPlatforms) = preSolution
		Debug|Any CPU = Debug|Any CPU
		Release|Any CPU = Release|Any CPU
	EndGlobalSection
	GlobalSection(ProjectConfigurationPlatforms) = postSolution
		{B257581D-E80A-453A-9A27-CF30FD2BB00F}.Debug|Any CPU.ActiveCfg = Debug|Any CPU
		{B257581D-E80A-453A-9A27-CF30FD2BB00F}.Debug|Any CPU.Build.0 = Debug|Any CPU
		{B257581D-E80A-453A-9A27-CF30FD2BB00F}.Release|Any CPU.ActiveCfg = Release|Any CPU
		{B257581D-E80A-453A-9A27-CF30FD2BB00F}.Release|Any CPU.Build.0 = Release|Any CPU
	EndGlobalSection
	GlobalSection(SolutionProperties) = preSolution
		HideSolutionNode = FALSE
	EndGlobalSection
	GlobalSection(ExtensibilityGlobals) = postSolution
		SolutionGuid = {0A148B06-7BBA-4793-A57B-5CF1FD7CD6C7}
	EndGlobalSection
EndGlobal
