
Microsoft Visual Studio Solution File, Format Version 12.00
# Visual Studio Version 17
VisualStudioVersion = 17.5.33502.453
MinimumVisualStudioVersion = 10.0.40219.1
Project("{FAE04EC0-301F-11D3-BF4B-00C04F79EFBC}") = "xercicio 13 POO", "xercicio 13 POO\xercicio 13 POO.csproj", "{0E6A6209-BC35-4674-B339-7EB40F964126}"
EndProject
Global
	GlobalSection(SolutionConfigurationPlatforms) = preSolution
		Debug|Any CPU = Debug|Any CPU
		Release|Any CPU = Release|Any CPU
	EndGlobalSection
	GlobalSection(ProjectConfigurationPlatforms) = postSolution
		{0E6A6209-BC35-4674-B339-7EB40F964126}.Debug|Any CPU.ActiveCfg = Debug|Any CPU
		{0E6A6209-BC35-4674-B339-7EB40F964126}.Debug|Any CPU.Build.0 = Debug|Any CPU
		{0E6A6209-BC35-4674-B339-7EB40F964126}.Release|Any CPU.ActiveCfg = Release|Any CPU
		{0E6A6209-BC35-4674-B339-7EB40F964126}.Release|Any CPU.Build.0 = Release|Any CPU
	EndGlobalSection
	GlobalSection(SolutionProperties) = preSolution
		HideSolutionNode = FALSE
	EndGlobalSection
	GlobalSection(ExtensibilityGlobals) = postSolution
		SolutionGuid = {A6FE86C1-3128-421D-9D2B-80E9E2F6C241}
	EndGlobalSection
EndGlobal
